
Microsoft Visual Studio Solution File, Format Version 12.00
# Visual Studio Version 17
VisualStudioVersion = 17.0.31903.59
MinimumVisualStudioVersion = 10.0.40219.1
Project("{2150E333-8FDC-42A3-9474-1A3956D46DE8}") = "apps", "apps", "{CFC275A3-AD62-4ABC-A90B-AFDA010134E3}"
EndProject
Project("{FAE04EC0-301F-11D3-BF4B-00C04F79EFBC}") = "TakeInitiative.Api", "apps\TakeInitiative.Api\TakeInitiative.Api.csproj", "{745EE20A-57EE-4CE6-A090-01A2C373C9EE}"
EndProject
Project("{FAE04EC0-301F-11D3-BF4B-00C04F79EFBC}") = "TakeInitiative.Api.Tests", "apps\TakeInitiative.Api.Tests\TakeInitiative.Api.Tests.csproj", "{EAE43750-0316-450C-B61B-3CCD023EF06E}"
EndProject
Global
	GlobalSection(SolutionConfigurationPlatforms) = preSolution
		Debug|Any CPU = Debug|Any CPU
		Release|Any CPU = Release|Any CPU
	EndGlobalSection
	GlobalSection(SolutionProperties) = preSolution
		HideSolutionNode = FALSE
	EndGlobalSection
	GlobalSection(ProjectConfigurationPlatforms) = postSolution
		{745EE20A-57EE-4CE6-A090-01A2C373C9EE}.Debug|Any CPU.ActiveCfg = Debug|Any CPU
		{745EE20A-57EE-4CE6-A090-01A2C373C9EE}.Debug|Any CPU.Build.0 = Debug|Any CPU
		{745EE20A-57EE-4CE6-A090-01A2C373C9EE}.Release|Any CPU.ActiveCfg = Release|Any CPU
		{745EE20A-57EE-4CE6-A090-01A2C373C9EE}.Release|Any CPU.Build.0 = Release|Any CPU
		{EAE43750-0316-450C-B61B-3CCD023EF06E}.Debug|Any CPU.ActiveCfg = Debug|Any CPU
		{EAE43750-0316-450C-B61B-3CCD023EF06E}.Debug|Any CPU.Build.0 = Debug|Any CPU
		{EAE43750-0316-450C-B61B-3CCD023EF06E}.Release|Any CPU.ActiveCfg = Release|Any CPU
		{EAE43750-0316-450C-B61B-3CCD023EF06E}.Release|Any CPU.Build.0 = Release|Any CPU
	EndGlobalSection
	GlobalSection(NestedProjects) = preSolution
		{745EE20A-57EE-4CE6-A090-01A2C373C9EE} = {CFC275A3-AD62-4ABC-A90B-AFDA010134E3}
		{EAE43750-0316-450C-B61B-3CCD023EF06E} = {CFC275A3-AD62-4ABC-A90B-AFDA010134E3}
	EndGlobalSection
EndGlobal
